
Microsoft Visual Studio Solution File, Format Version 12.00
# Visual Studio Version 16
VisualStudioVersion = 16.0.30104.148
MinimumVisualStudioVersion = 10.0.40219.1
Project("{FAE04EC0-301F-11D3-BF4B-00C04F79EFBC}") = "p7", "p7.csproj", "{5C128C6A-C2FE-41C8-84B5-9817ACDB3916}"
EndProject
Global
	GlobalSection(SolutionConfigurationPlatforms) = preSolution
		Debug|Any CPU = Debug|Any CPU
		Release|Any CPU = Release|Any CPU
	EndGlobalSection
	GlobalSection(ProjectConfigurationPlatforms) = postSolution
		{5C128C6A-C2FE-41C8-84B5-9817ACDB3916}.Debug|Any CPU.ActiveCfg = Debug|Any CPU
		{5C128C6A-C2FE-41C8-84B5-9817ACDB3916}.Debug|Any CPU.Build.0 = Debug|Any CPU
		{5C128C6A-C2FE-41C8-84B5-9817ACDB3916}.Release|Any CPU.ActiveCfg = Release|Any CPU
		{5C128C6A-C2FE-41C8-84B5-9817ACDB3916}.Release|Any CPU.Build.0 = Release|Any CPU
	EndGlobalSection
	GlobalSection(SolutionProperties) = preSolution
		HideSolutionNode = FALSE
	EndGlobalSection
	GlobalSection(ExtensibilityGlobals) = postSolution
		SolutionGuid = {5A153A90-F2A5-4AB0-BF26-0C06CA2CB708}
	EndGlobalSection
EndGlobal
